# THIS IS AN AUTOGENERATED FILE. DO NOT EDIT THIS FILE DIRECTLY.
# yarn lockfile v1


"@openzeppelin/contracts@^3.1.0":
  version "3.1.0"
  resolved "https://registry.yarnpkg.com/@openzeppelin/contracts/-/contracts-3.1.0.tgz#bcea457ef89069fbe5a617f50b25b6a8272895d5"
  integrity sha512-dVXDnUKxrAKLzPdCRkz+N8qsVkK1XxJ6kk3zuI6zaQmcKxN7CkizoDP7lXxcs/Mi2I0mxceTRjJBqlzFffLJrQ==
